// !$*UTF8*$!
{
	archiveVersion = 1;
	classes = {
	};
	objectVersion = 56;
	objects = {

/* Begin PBXBuildFile section */
		682487EA2A1EC417009B55D3 /* coffeetrackerApp.swift in Sources */ = {isa = PBXBuildFile; fileRef = 682487E92A1EC417009B55D3 /* coffeetrackerApp.swift */; };
		682487EC2A1EC417009B55D3 /* ContentView.swift in Sources */ = {isa = PBXBuildFile; fileRef = 682487EB2A1EC417009B55D3 /* ContentView.swift */; };
		682487EE2A1EC418009B55D3 /* Assets.xcassets in Resources */ = {isa = PBXBuildFile; fileRef = 682487ED2A1EC418009B55D3 /* Assets.xcassets */; };
		682487F12A1EC418009B55D3 /* Preview Assets.xcassets in Resources */ = {isa = PBXBuildFile; fileRef = 682487F02A1EC418009B55D3 /* Preview Assets.xcassets */; };
		682487F32A1EC418009B55D3 /* Persistence.swift in Sources */ = {isa = PBXBuildFile; fileRef = 682487F22A1EC418009B55D3 /* Persistence.swift */; };
		682487F62A1EC418009B55D3 /* coffeetracker.xcdatamodeld in Sources */ = {isa = PBXBuildFile; fileRef = 682487F42A1EC418009B55D3 /* coffeetracker.xcdatamodeld */; };
		682B2B622A1FF33C00E6AE9A /* BeanListView.swift in Sources */ = {isa = PBXBuildFile; fileRef = 682B2B612A1FF33C00E6AE9A /* BeanListView.swift */; };
		68891E242A2006A70085CDD7 /* BeanDetailView.swift in Sources */ = {isa = PBXBuildFile; fileRef = 68891E232A2006A70085CDD7 /* BeanDetailView.swift */; };
		68891E282A20115F0085CDD7 /* ImagePickerView.swift in Sources */ = {isa = PBXBuildFile; fileRef = 68891E272A20115F0085CDD7 /* ImagePickerView.swift */; };
		689180B52A22086A00EE9A9B /* TimerView.swift in Sources */ = {isa = PBXBuildFile; fileRef = 689180B42A22086A00EE9A9B /* TimerView.swift */; };
		689180B72A22A1EC00EE9A9B /* LaunchScreen.storyboard in Resources */ = {isa = PBXBuildFile; fileRef = 689180B62A22A1EC00EE9A9B /* LaunchScreen.storyboard */; };
		689843CD2A21003C0048750A /* RoasterListView.swift in Sources */ = {isa = PBXBuildFile; fileRef = 689843CC2A21003C0048750A /* RoasterListView.swift */; };
		689843CF2A2101710048750A /* RoasterDetailView.swift in Sources */ = {isa = PBXBuildFile; fileRef = 689843CE2A2101710048750A /* RoasterDetailView.swift */; };
		689843D42A2151CA0048750A /* BrewListView.swift in Sources */ = {isa = PBXBuildFile; fileRef = 689843D32A2151CA0048750A /* BrewListView.swift */; };
		689843D62A215F950048750A /* BrewDetailView.swift in Sources */ = {isa = PBXBuildFile; fileRef = 689843D52A215F950048750A /* BrewDetailView.swift */; };
		68FF5A792A26A16900EE4CA4 /* SettingsView.swift in Sources */ = {isa = PBXBuildFile; fileRef = 68FF5A782A26A16900EE4CA4 /* SettingsView.swift */; };
/* End PBXBuildFile section */

/* Begin PBXFileReference section */
		682487E62A1EC417009B55D3 /* coffeetracker.app */ = {isa = PBXFileReference; explicitFileType = wrapper.application; includeInIndex = 0; path = coffeetracker.app; sourceTree = BUILT_PRODUCTS_DIR; };
		682487E92A1EC417009B55D3 /* coffeetrackerApp.swift */ = {isa = PBXFileReference; lastKnownFileType = sourcecode.swift; path = coffeetrackerApp.swift; sourceTree = "<group>"; };
		682487EB2A1EC417009B55D3 /* ContentView.swift */ = {isa = PBXFileReference; lastKnownFileType = sourcecode.swift; path = ContentView.swift; sourceTree = "<group>"; };
		682487ED2A1EC418009B55D3 /* Assets.xcassets */ = {isa = PBXFileReference; lastKnownFileType = folder.assetcatalog; path = Assets.xcassets; sourceTree = "<group>"; };
		682487F02A1EC418009B55D3 /* Preview Assets.xcassets */ = {isa = PBXFileReference; lastKnownFileType = folder.assetcatalog; path = "Preview Assets.xcassets"; sourceTree = "<group>"; };
		682487F22A1EC418009B55D3 /* Persistence.swift */ = {isa = PBXFileReference; lastKnownFileType = sourcecode.swift; path = Persistence.swift; sourceTree = "<group>"; usesTabs = 1; };
		682487F52A1EC418009B55D3 /* coffeetracker.xcdatamodel */ = {isa = PBXFileReference; lastKnownFileType = wrapper.xcdatamodel; path = coffeetracker.xcdatamodel; sourceTree = "<group>"; };
		682B2B612A1FF33C00E6AE9A /* BeanListView.swift */ = {isa = PBXFileReference; lastKnownFileType = sourcecode.swift; path = BeanListView.swift; sourceTree = "<group>"; usesTabs = 1; };
		68891E232A2006A70085CDD7 /* BeanDetailView.swift */ = {isa = PBXFileReference; lastKnownFileType = sourcecode.swift; path = BeanDetailView.swift; sourceTree = "<group>"; usesTabs = 1; };
		68891E272A20115F0085CDD7 /* ImagePickerView.swift */ = {isa = PBXFileReference; lastKnownFileType = sourcecode.swift; path = ImagePickerView.swift; sourceTree = "<group>"; };
		689180B42A22086A00EE9A9B /* TimerView.swift */ = {isa = PBXFileReference; fileEncoding = 4; indentWidth = 2; lastKnownFileType = sourcecode.swift; path = TimerView.swift; sourceTree = "<group>"; tabWidth = 2; usesTabs = 0; };
		689180B62A22A1EC00EE9A9B /* LaunchScreen.storyboard */ = {isa = PBXFileReference; lastKnownFileType = file.storyboard; path = LaunchScreen.storyboard; sourceTree = "<group>"; };
		689843CC2A21003C0048750A /* RoasterListView.swift */ = {isa = PBXFileReference; lastKnownFileType = sourcecode.swift; path = RoasterListView.swift; sourceTree = "<group>"; tabWidth = 4; usesTabs = 1; };
		689843CE2A2101710048750A /* RoasterDetailView.swift */ = {isa = PBXFileReference; lastKnownFileType = sourcecode.swift; path = RoasterDetailView.swift; sourceTree = "<group>"; usesTabs = 1; };
		689843D32A2151CA0048750A /* BrewListView.swift */ = {isa = PBXFileReference; lastKnownFileType = sourcecode.swift; path = BrewListView.swift; sourceTree = "<group>"; usesTabs = 1; wrapsLines = 0; };
		689843D52A215F950048750A /* BrewDetailView.swift */ = {isa = PBXFileReference; lastKnownFileType = sourcecode.swift; path = BrewDetailView.swift; sourceTree = "<group>"; usesTabs = 1; };
		68FF5A782A26A16900EE4CA4 /* SettingsView.swift */ = {isa = PBXFileReference; lastKnownFileType = sourcecode.swift; path = SettingsView.swift; sourceTree = "<group>"; };
/* End PBXFileReference section */

/* Begin PBXFrameworksBuildPhase section */
		682487E32A1EC417009B55D3 /* Frameworks */ = {
			isa = PBXFrameworksBuildPhase;
			buildActionMask = 2147483647;
			files = (
			);
			runOnlyForDeploymentPostprocessing = 0;
		};
/* End PBXFrameworksBuildPhase section */

/* Begin PBXGroup section */
		682487DD2A1EC417009B55D3 = {
			isa = PBXGroup;
			children = (
				682487E82A1EC417009B55D3 /* coffeetracker */,
				682487E72A1EC417009B55D3 /* Products */,
			);
			sourceTree = "<group>";
		};
		682487E72A1EC417009B55D3 /* Products */ = {
			isa = PBXGroup;
			children = (
				682487E62A1EC417009B55D3 /* coffeetracker.app */,
			);
			name = Products;
			sourceTree = "<group>";
		};
		682487E82A1EC417009B55D3 /* coffeetracker */ = {
			isa = PBXGroup;
			children = (
				689180B62A22A1EC00EE9A9B /* LaunchScreen.storyboard */,
				68FF5A762A267F9E00EE4CA4 /* Common */,
				689843CB2A2100280048750A /* Roaster */,
				689843CA2A21001F0048750A /* Bean */,
				689843D22A214C860048750A /* Brew */,
				68FF5A772A26812A00EE4CA4 /* Timer */,
				682487E92A1EC417009B55D3 /* coffeetrackerApp.swift */,
				682487EB2A1EC417009B55D3 /* ContentView.swift */,
				68FF5A782A26A16900EE4CA4 /* SettingsView.swift */,
				682487ED2A1EC418009B55D3 /* Assets.xcassets */,
				682487F22A1EC418009B55D3 /* Persistence.swift */,
				682487F42A1EC418009B55D3 /* coffeetracker.xcdatamodeld */,
				682487EF2A1EC418009B55D3 /* Preview Content */,
			);
			path = coffeetracker;
			sourceTree = "<group>";
		};
		682487EF2A1EC418009B55D3 /* Preview Content */ = {
			isa = PBXGroup;
			children = (
				682487F02A1EC418009B55D3 /* Preview Assets.xcassets */,
			);
			path = "Preview Content";
			sourceTree = "<group>";
		};
		689843CA2A21001F0048750A /* Bean */ = {
			isa = PBXGroup;
			children = (
				682B2B612A1FF33C00E6AE9A /* BeanListView.swift */,
				68891E232A2006A70085CDD7 /* BeanDetailView.swift */,
			);
			path = Bean;
			sourceTree = "<group>";
		};
		689843CB2A2100280048750A /* Roaster */ = {
			isa = PBXGroup;
			children = (
				689843CC2A21003C0048750A /* RoasterListView.swift */,
				689843CE2A2101710048750A /* RoasterDetailView.swift */,
			);
			path = Roaster;
			sourceTree = "<group>";
		};
		689843D22A214C860048750A /* Brew */ = {
			isa = PBXGroup;
			children = (
				689843D32A2151CA0048750A /* BrewListView.swift */,
				689843D52A215F950048750A /* BrewDetailView.swift */,
			);
			path = Brew;
			sourceTree = "<group>";
		};
		68FF5A762A267F9E00EE4CA4 /* Common */ = {
			isa = PBXGroup;
			children = (
				68891E272A20115F0085CDD7 /* ImagePickerView.swift */,
			);
			path = Common;
			sourceTree = "<group>";
		};
		68FF5A772A26812A00EE4CA4 /* Timer */ = {
			isa = PBXGroup;
			children = (
				689180B42A22086A00EE9A9B /* TimerView.swift */,
			);
			path = Timer;
			sourceTree = "<group>";
		};
/* End PBXGroup section */

/* Begin PBXNativeTarget section */
		682487E52A1EC417009B55D3 /* coffeetracker */ = {
			isa = PBXNativeTarget;
			buildConfigurationList = 682487F92A1EC418009B55D3 /* Build configuration list for PBXNativeTarget "coffeetracker" */;
			buildPhases = (
				682487E22A1EC417009B55D3 /* Sources */,
				682487E32A1EC417009B55D3 /* Frameworks */,
				682487E42A1EC417009B55D3 /* Resources */,
			);
			buildRules = (
			);
			dependencies = (
			);
			name = coffeetracker;
			productName = coffeetracker;
			productReference = 682487E62A1EC417009B55D3 /* coffeetracker.app */;
			productType = "com.apple.product-type.application";
		};
/* End PBXNativeTarget section */

/* Begin PBXProject section */
		682487DE2A1EC417009B55D3 /* Project object */ = {
			isa = PBXProject;
			attributes = {
				BuildIndependentTargetsInParallel = 1;
				LastSwiftUpdateCheck = 1420;
				LastUpgradeCheck = 1420;
				TargetAttributes = {
					682487E52A1EC417009B55D3 = {
						CreatedOnToolsVersion = 14.2;
					};
				};
			};
			buildConfigurationList = 682487E12A1EC417009B55D3 /* Build configuration list for PBXProject "coffeetracker" */;
			compatibilityVersion = "Xcode 14.0";
			developmentRegion = en;
			hasScannedForEncodings = 0;
			knownRegions = (
				en,
				Base,
			);
			mainGroup = 682487DD2A1EC417009B55D3;
			productRefGroup = 682487E72A1EC417009B55D3 /* Products */;
			projectDirPath = "";
			projectRoot = "";
			targets = (
				682487E52A1EC417009B55D3 /* coffeetracker */,
			);
		};
/* End PBXProject section */

/* Begin PBXResourcesBuildPhase section */
		682487E42A1EC417009B55D3 /* Resources */ = {
			isa = PBXResourcesBuildPhase;
			buildActionMask = 2147483647;
			files = (
				689180B72A22A1EC00EE9A9B /* LaunchScreen.storyboard in Resources */,
				682487F12A1EC418009B55D3 /* Preview Assets.xcassets in Resources */,
				682487EE2A1EC418009B55D3 /* Assets.xcassets in Resources */,
			);
			runOnlyForDeploymentPostprocessing = 0;
		};
/* End PBXResourcesBuildPhase section */

/* Begin PBXSourcesBuildPhase section */
		682487E22A1EC417009B55D3 /* Sources */ = {
			isa = PBXSourcesBuildPhase;
			buildActionMask = 2147483647;
			files = (
				689843D42A2151CA0048750A /* BrewListView.swift in Sources */,
				689843CF2A2101710048750A /* RoasterDetailView.swift in Sources */,
				689843D62A215F950048750A /* BrewDetailView.swift in Sources */,
				682B2B622A1FF33C00E6AE9A /* BeanListView.swift in Sources */,
				682487F32A1EC418009B55D3 /* Persistence.swift in Sources */,
				689180B52A22086A00EE9A9B /* TimerView.swift in Sources */,
				682487EC2A1EC417009B55D3 /* ContentView.swift in Sources */,
				68891E242A2006A70085CDD7 /* BeanDetailView.swift in Sources */,
				68891E282A20115F0085CDD7 /* ImagePickerView.swift in Sources */,
				682487F62A1EC418009B55D3 /* coffeetracker.xcdatamodeld in Sources */,
				682487EA2A1EC417009B55D3 /* coffeetrackerApp.swift in Sources */,
				689843CD2A21003C0048750A /* RoasterListView.swift in Sources */,
				68FF5A792A26A16900EE4CA4 /* SettingsView.swift in Sources */,
			);
			runOnlyForDeploymentPostprocessing = 0;
		};
/* End PBXSourcesBuildPhase section */

/* Begin XCBuildConfiguration section */
		682487F72A1EC418009B55D3 /* Debug */ = {
			isa = XCBuildConfiguration;
			buildSettings = {
				ALWAYS_SEARCH_USER_PATHS = NO;
				CLANG_ANALYZER_NONNULL = YES;
				CLANG_ANALYZER_NUMBER_OBJECT_CONVERSION = YES_AGGRESSIVE;
				CLANG_CXX_LANGUAGE_STANDARD = "gnu++20";
				CLANG_ENABLE_MODULES = YES;
				CLANG_ENABLE_OBJC_ARC = YES;
				CLANG_ENABLE_OBJC_WEAK = YES;
				CLANG_WARN_BLOCK_CAPTURE_AUTORELEASING = YES;
				CLANG_WARN_BOOL_CONVERSION = YES;
				CLANG_WARN_COMMA = YES;
				CLANG_WARN_CONSTANT_CONVERSION = YES;
				CLANG_WARN_DEPRECATED_OBJC_IMPLEMENTATIONS = YES;
				CLANG_WARN_DIRECT_OBJC_ISA_USAGE = YES_ERROR;
				CLANG_WARN_DOCUMENTATION_COMMENTS = YES;
				CLANG_WARN_EMPTY_BODY = YES;
				CLANG_WARN_ENUM_CONVERSION = YES;
				CLANG_WARN_INFINITE_RECURSION = YES;
				CLANG_WARN_INT_CONVERSION = YES;
				CLANG_WARN_NON_LITERAL_NULL_CONVERSION = YES;
				CLANG_WARN_OBJC_IMPLICIT_RETAIN_SELF = YES;
				CLANG_WARN_OBJC_LITERAL_CONVERSION = YES;
				CLANG_WARN_OBJC_ROOT_CLASS = YES_ERROR;
				CLANG_WARN_QUOTED_INCLUDE_IN_FRAMEWORK_HEADER = YES;
				CLANG_WARN_RANGE_LOOP_ANALYSIS = YES;
				CLANG_WARN_STRICT_PROTOTYPES = YES;
				CLANG_WARN_SUSPICIOUS_MOVE = YES;
				CLANG_WARN_UNGUARDED_AVAILABILITY = YES_AGGRESSIVE;
				CLANG_WARN_UNREACHABLE_CODE = YES;
				CLANG_WARN__DUPLICATE_METHOD_MATCH = YES;
				COPY_PHASE_STRIP = NO;
				DEBUG_INFORMATION_FORMAT = dwarf;
				ENABLE_STRICT_OBJC_MSGSEND = YES;
				ENABLE_TESTABILITY = YES;
				GCC_C_LANGUAGE_STANDARD = gnu11;
				GCC_DYNAMIC_NO_PIC = NO;
				GCC_NO_COMMON_BLOCKS = YES;
				GCC_OPTIMIZATION_LEVEL = 0;
				GCC_PREPROCESSOR_DEFINITIONS = (
					"DEBUG=1",
					"$(inherited)",
				);
				GCC_WARN_64_TO_32_BIT_CONVERSION = YES;
				GCC_WARN_ABOUT_RETURN_TYPE = YES_ERROR;
				GCC_WARN_UNDECLARED_SELECTOR = YES;
				GCC_WARN_UNINITIALIZED_AUTOS = YES_AGGRESSIVE;
				GCC_WARN_UNUSED_FUNCTION = YES;
				GCC_WARN_UNUSED_VARIABLE = YES;
				IPHONEOS_DEPLOYMENT_TARGET = 16.2;
				MTL_ENABLE_DEBUG_INFO = INCLUDE_SOURCE;
				MTL_FAST_MATH = YES;
				ONLY_ACTIVE_ARCH = YES;
				SDKROOT = iphoneos;
				SWIFT_ACTIVE_COMPILATION_CONDITIONS = DEBUG;
				SWIFT_OPTIMIZATION_LEVEL = "-Onone";
			};
			name = Debug;
		};
		682487F82A1EC418009B55D3 /* Release */ = {
			isa = XCBuildConfiguration;
			buildSettings = {
				ALWAYS_SEARCH_USER_PATHS = NO;
				CLANG_ANALYZER_NONNULL = YES;
				CLANG_ANALYZER_NUMBER_OBJECT_CONVERSION = YES_AGGRESSIVE;
				CLANG_CXX_LANGUAGE_STANDARD = "gnu++20";
				CLANG_ENABLE_MODULES = YES;
				CLANG_ENABLE_OBJC_ARC = YES;
				CLANG_ENABLE_OBJC_WEAK = YES;
				CLANG_WARN_BLOCK_CAPTURE_AUTORELEASING = YES;
				CLANG_WARN_BOOL_CONVERSION = YES;
				CLANG_WARN_COMMA = YES;
				CLANG_WARN_CONSTANT_CONVERSION = YES;
				CLANG_WARN_DEPRECATED_OBJC_IMPLEMENTATIONS = YES;
				CLANG_WARN_DIRECT_OBJC_ISA_USAGE = YES_ERROR;
				CLANG_WARN_DOCUMENTATION_COMMENTS = YES;
				CLANG_WARN_EMPTY_BODY = YES;
				CLANG_WARN_ENUM_CONVERSION = YES;
				CLANG_WARN_INFINITE_RECURSION = YES;
				CLANG_WARN_INT_CONVERSION = YES;
				CLANG_WARN_NON_LITERAL_NULL_CONVERSION = YES;
				CLANG_WARN_OBJC_IMPLICIT_RETAIN_SELF = YES;
				CLANG_WARN_OBJC_LITERAL_CONVERSION = YES;
				CLANG_WARN_OBJC_ROOT_CLASS = YES_ERROR;
				CLANG_WARN_QUOTED_INCLUDE_IN_FRAMEWORK_HEADER = YES;
				CLANG_WARN_RANGE_LOOP_ANALYSIS = YES;
				CLANG_WARN_STRICT_PROTOTYPES = YES;
				CLANG_WARN_SUSPICIOUS_MOVE = YES;
				CLANG_WARN_UNGUARDED_AVAILABILITY = YES_AGGRESSIVE;
				CLANG_WARN_UNREACHABLE_CODE = YES;
				CLANG_WARN__DUPLICATE_METHOD_MATCH = YES;
				COPY_PHASE_STRIP = NO;
				DEBUG_INFORMATION_FORMAT = "dwarf-with-dsym";
				ENABLE_NS_ASSERTIONS = NO;
				ENABLE_STRICT_OBJC_MSGSEND = YES;
				GCC_C_LANGUAGE_STANDARD = gnu11;
				GCC_NO_COMMON_BLOCKS = YES;
				GCC_WARN_64_TO_32_BIT_CONVERSION = YES;
				GCC_WARN_ABOUT_RETURN_TYPE = YES_ERROR;
				GCC_WARN_UNDECLARED_SELECTOR = YES;
				GCC_WARN_UNINITIALIZED_AUTOS = YES_AGGRESSIVE;
				GCC_WARN_UNUSED_FUNCTION = YES;
				GCC_WARN_UNUSED_VARIABLE = YES;
				IPHONEOS_DEPLOYMENT_TARGET = 16.2;
				MTL_ENABLE_DEBUG_INFO = NO;
				MTL_FAST_MATH = YES;
				SDKROOT = iphoneos;
				SWIFT_COMPILATION_MODE = wholemodule;
				SWIFT_OPTIMIZATION_LEVEL = "-O";
				VALIDATE_PRODUCT = YES;
			};
			name = Release;
		};
		682487FA2A1EC418009B55D3 /* Debug */ = {
			isa = XCBuildConfiguration;
			buildSettings = {
				ASSETCATALOG_COMPILER_APPICON_NAME = AppIcon;
				ASSETCATALOG_COMPILER_GLOBAL_ACCENT_COLOR_NAME = AccentColor;
				CODE_SIGN_STYLE = Automatic;
				CURRENT_PROJECT_VERSION = 1;
				DEVELOPMENT_ASSET_PATHS = "\"coffeetracker/Preview Content\"";
				DEVELOPMENT_TEAM = J6P292P4C5;
				ENABLE_PREVIEWS = YES;
				GENERATE_INFOPLIST_FILE = YES;
				INFOPLIST_KEY_CFBundleDisplayName = "Coffee Tracker";
				INFOPLIST_KEY_LSApplicationCategoryType = "public.app-category.food-and-drink";
				INFOPLIST_KEY_UIApplicationSceneManifest_Generation = YES;
				INFOPLIST_KEY_UIApplicationSupportsIndirectInputEvents = YES;
				INFOPLIST_KEY_UILaunchScreen_Generation = YES;
				INFOPLIST_KEY_UILaunchStoryboardName = LaunchScreen.storyboard;
				INFOPLIST_KEY_UIStatusBarStyle = "";
				INFOPLIST_KEY_UISupportedInterfaceOrientations = UIInterfaceOrientationPortrait;
				INFOPLIST_KEY_UISupportedInterfaceOrientations_iPad = "UIInterfaceOrientationPortrait UIInterfaceOrientationPortraitUpsideDown";
				IPHONEOS_DEPLOYMENT_TARGET = 16.1;
				LD_RUNPATH_SEARCH_PATHS = (
					"$(inherited)",
					"@executable_path/Frameworks",
				);
				MARKETING_VERSION = 1.0;
				PRODUCT_BUNDLE_IDENTIFIER = eu.mstrlc.coffeetracker;
				PRODUCT_NAME = "$(TARGET_NAME)";
				SWIFT_EMIT_LOC_STRINGS = YES;
				SWIFT_VERSION = 5.0;
				TARGETED_DEVICE_FAMILY = "1,2";
			};
			name = Debug;
		};
		682487FB2A1EC418009B55D3 /* Release */ = {
			isa = XCBuildConfiguration;
			buildSettings = {
				ASSETCATALOG_COMPILER_APPICON_NAME = AppIcon;
				ASSETCATALOG_COMPILER_GLOBAL_ACCENT_COLOR_NAME = AccentColor;
				CODE_SIGN_STYLE = Automatic;
				CURRENT_PROJECT_VERSION = 1;
				DEVELOPMENT_ASSET_PATHS = "\"coffeetracker/Preview Content\"";
				DEVELOPMENT_TEAM = J6P292P4C5;
				ENABLE_PREVIEWS = YES;
				GENERATE_INFOPLIST_FILE = YES;
				INFOPLIST_KEY_CFBundleDisplayName = "Coffee Tracker";
				INFOPLIST_KEY_LSApplicationCategoryType = "public.app-category.food-and-drink";
				INFOPLIST_KEY_UIApplicationSceneManifest_Generation = YES;
				INFOPLIST_KEY_UIApplicationSupportsIndirectInputEvents = YES;
				INFOPLIST_KEY_UILaunchScreen_Generation = YES;
				INFOPLIST_KEY_UILaunchStoryboardName = LaunchScreen.storyboard;
				INFOPLIST_KEY_UIStatusBarStyle = "";
				INFOPLIST_KEY_UISupportedInterfaceOrientations = UIInterfaceOrientationPortrait;
				INFOPLIST_KEY_UISupportedInterfaceOrientations_iPad = "UIInterfaceOrientationPortrait UIInterfaceOrientationPortraitUpsideDown";
				IPHONEOS_DEPLOYMENT_TARGET = 16.1;
				LD_RUNPATH_SEARCH_PATHS = (
					"$(inherited)",
					"@executable_path/Frameworks",
				);
				MARKETING_VERSION = 1.0;
				PRODUCT_BUNDLE_IDENTIFIER = eu.mstrlc.coffeetracker;
				PRODUCT_NAME = "$(TARGET_NAME)";
				SWIFT_EMIT_LOC_STRINGS = YES;
				SWIFT_VERSION = 5.0;
				TARGETED_DEVICE_FAMILY = "1,2";
			};
			name = Release;
		};
/* End XCBuildConfiguration section */

/* Begin XCConfigurationList section */
		682487E12A1EC417009B55D3 /* Build configuration list for PBXProject "coffeetracker" */ = {
			isa = XCConfigurationList;
			buildConfigurations = (
				682487F72A1EC418009B55D3 /* Debug */,
				682487F82A1EC418009B55D3 /* Release */,
			);
			defaultConfigurationIsVisible = 0;
			defaultConfigurationName = Release;
		};
		682487F92A1EC418009B55D3 /* Build configuration list for PBXNativeTarget "coffeetracker" */ = {
			isa = XCConfigurationList;
			buildConfigurations = (
				682487FA2A1EC418009B55D3 /* Debug */,
				682487FB2A1EC418009B55D3 /* Release */,
			);
			defaultConfigurationIsVisible = 0;
			defaultConfigurationName = Release;
		};
/* End XCConfigurationList section */

/* Begin XCVersionGroup section */
		682487F42A1EC418009B55D3 /* coffeetracker.xcdatamodeld */ = {
			isa = XCVersionGroup;
			children = (
				682487F52A1EC418009B55D3 /* coffeetracker.xcdatamodel */,
			);
			currentVersion = 682487F52A1EC418009B55D3 /* coffeetracker.xcdatamodel */;
			path = coffeetracker.xcdatamodeld;
			sourceTree = "<group>";
			versionGroupType = wrapper.xcdatamodel;
		};
/* End XCVersionGroup section */
	};
	rootObject = 682487DE2A1EC417009B55D3 /* Project object */;
}
